
Microsoft Visual Studio Solution File, Format Version 12.00
# Visual Studio Version 17
VisualStudioVersion = 17.12.35514.174
MinimumVisualStudioVersion = 10.0.40219.1
Project("{2150E333-8FDC-42A3-9474-1A3956D46DE8}") = "src", "src", "{88C92520-B5A5-4353-AB13-4513DE630C35}"
EndProject
Project("{2150E333-8FDC-42A3-9474-1A3956D46DE8}") = "test", "test", "{38CDEB55-B61A-453B-9023-F06E89BF5607}"
EndProject
Project("{2150E333-8FDC-42A3-9474-1A3956D46DE8}") = "Api", "Api", "{5A25FF32-C0F4-4CB4-BB9D-0E5F58E002DC}"
EndProject
Project("{2150E333-8FDC-42A3-9474-1A3956D46DE8}") = "Core", "Core", "{5244C53A-8B5B-4244-92D7-2B33E8F33EB3}"
EndProject
Project("{2150E333-8FDC-42A3-9474-1A3956D46DE8}") = "Infrastructure", "Infrastructure", "{F2ED40CE-0FBF-4A6A-AA9A-65BA2563AB58}"
EndProject
Project("{2150E333-8FDC-42A3-9474-1A3956D46DE8}") = "Ui", "Ui", "{574D7EEB-CA26-45A4-AE22-39EB895B4FBF}"
EndProject
Project("{FAE04EC0-301F-11D3-BF4B-00C04F79EFBC}") = "Restino.Application", "Restino.Application\Restino.Application.csproj", "{8F414AB2-402C-4675-8D9D-619131FD1326}"
EndProject
Project("{FAE04EC0-301F-11D3-BF4B-00C04F79EFBC}") = "Restino.Domain", "Restino.Domain\Restino.Domain.csproj", "{EA7C6A38-73F2-4051-96BB-A52F5976DAE1}"
EndProject
Project("{FAE04EC0-301F-11D3-BF4B-00C04F79EFBC}") = "Restino.Persistence", "Restino.Persistence\Restino.Persistence.csproj", "{8DAD9357-D254-40E8-BD72-E355F1C2DCC4}"
EndProject
Project("{FAE04EC0-301F-11D3-BF4B-00C04F79EFBC}") = "Restino.Api", "Restino.Api\Restino.Api.csproj", "{5D1FCCC1-1E0E-436B-A3C4-0BC917232222}"
EndProject
Project("{FAE04EC0-301F-11D3-BF4B-00C04F79EFBC}") = "Restino.App", "Restino.App\Restino.App.csproj", "{BB31127F-C48B-4DAD-B960-1D20F388DCF9}"
EndProject
Project("{FAE04EC0-301F-11D3-BF4B-00C04F79EFBC}") = "Restino.Appilcation.UnitTests", "Restino.Appilcation.UnitTests\Restino.Appilcation.UnitTests.csproj", "{FC43B5F8-CFB2-43F2-8C64-ECA6AE061735}"
EndProject
Project("{FAE04EC0-301F-11D3-BF4B-00C04F79EFBC}") = "Restino.Api.IntegrationTests", "Restino.Api.IntegrationTests\Restino.Api.IntegrationTests.csproj", "{3879462B-1FC0-4A13-B783-5232E20BBFC5}"
EndProject
Project("{FAE04EC0-301F-11D3-BF4B-00C04F79EFBC}") = "Restino.Identity", "Restino.Identity\Restino.Identity.csproj", "{06A2459D-2E34-4618-9186-B9AC1D74B2CE}"
EndProject
Project("{FAE04EC0-301F-11D3-BF4B-00C04F79EFBC}") = "Restino.Persistence.IntegrationTests", "Restino.Persistence.IntegrationTests\Restino.Persistence.IntegrationTests.csproj", "{343C0A52-B2D2-442C-B8F3-0F3B01EC6CE1}"
EndProject
Project("{FAE04EC0-301F-11D3-BF4B-00C04F79EFBC}") = "Restino.Infrastructure", "Restino.Infrastructure\Restino.Infrastructure.csproj", "{79B01F88-73A7-441D-8168-ECD4F581DDBA}"
EndProject
Global
	GlobalSection(SolutionConfigurationPlatforms) = preSolution
		Debug|Any CPU = Debug|Any CPU
		Release|Any CPU = Release|Any CPU
	EndGlobalSection
	GlobalSection(ProjectConfigurationPlatforms) = postSolution
		{8F414AB2-402C-4675-8D9D-619131FD1326}.Debug|Any CPU.ActiveCfg = Debug|Any CPU
		{8F414AB2-402C-4675-8D9D-619131FD1326}.Debug|Any CPU.Build.0 = Debug|Any CPU
		{8F414AB2-402C-4675-8D9D-619131FD1326}.Release|Any CPU.ActiveCfg = Release|Any CPU
		{8F414AB2-402C-4675-8D9D-619131FD1326}.Release|Any CPU.Build.0 = Release|Any CPU
		{EA7C6A38-73F2-4051-96BB-A52F5976DAE1}.Debug|Any CPU.ActiveCfg = Debug|Any CPU
		{EA7C6A38-73F2-4051-96BB-A52F5976DAE1}.Debug|Any CPU.Build.0 = Debug|Any CPU
		{EA7C6A38-73F2-4051-96BB-A52F5976DAE1}.Release|Any CPU.ActiveCfg = Release|Any CPU
		{EA7C6A38-73F2-4051-96BB-A52F5976DAE1}.Release|Any CPU.Build.0 = Release|Any CPU
		{8DAD9357-D254-40E8-BD72-E355F1C2DCC4}.Debug|Any CPU.ActiveCfg = Debug|Any CPU
		{8DAD9357-D254-40E8-BD72-E355F1C2DCC4}.Debug|Any CPU.Build.0 = Debug|Any CPU
		{8DAD9357-D254-40E8-BD72-E355F1C2DCC4}.Release|Any CPU.ActiveCfg = Release|Any CPU
		{8DAD9357-D254-40E8-BD72-E355F1C2DCC4}.Release|Any CPU.Build.0 = Release|Any CPU
		{5D1FCCC1-1E0E-436B-A3C4-0BC917232222}.Debug|Any CPU.ActiveCfg = Debug|Any CPU
		{5D1FCCC1-1E0E-436B-A3C4-0BC917232222}.Debug|Any CPU.Build.0 = Debug|Any CPU
		{5D1FCCC1-1E0E-436B-A3C4-0BC917232222}.Release|Any CPU.ActiveCfg = Release|Any CPU
		{5D1FCCC1-1E0E-436B-A3C4-0BC917232222}.Release|Any CPU.Build.0 = Release|Any CPU
		{BB31127F-C48B-4DAD-B960-1D20F388DCF9}.Debug|Any CPU.ActiveCfg = Debug|Any CPU
		{BB31127F-C48B-4DAD-B960-1D20F388DCF9}.Debug|Any CPU.Build.0 = Debug|Any CPU
		{BB31127F-C48B-4DAD-B960-1D20F388DCF9}.Release|Any CPU.ActiveCfg = Release|Any CPU
		{BB31127F-C48B-4DAD-B960-1D20F388DCF9}.Release|Any CPU.Build.0 = Release|Any CPU
		{FC43B5F8-CFB2-43F2-8C64-ECA6AE061735}.Debug|Any CPU.ActiveCfg = Debug|Any CPU
		{FC43B5F8-CFB2-43F2-8C64-ECA6AE061735}.Debug|Any CPU.Build.0 = Debug|Any CPU
		{FC43B5F8-CFB2-43F2-8C64-ECA6AE061735}.Release|Any CPU.ActiveCfg = Release|Any CPU
		{FC43B5F8-CFB2-43F2-8C64-ECA6AE061735}.Release|Any CPU.Build.0 = Release|Any CPU
		{3879462B-1FC0-4A13-B783-5232E20BBFC5}.Debug|Any CPU.ActiveCfg = Debug|Any CPU
		{3879462B-1FC0-4A13-B783-5232E20BBFC5}.Debug|Any CPU.Build.0 = Debug|Any CPU
		{3879462B-1FC0-4A13-B783-5232E20BBFC5}.Release|Any CPU.ActiveCfg = Release|Any CPU
		{3879462B-1FC0-4A13-B783-5232E20BBFC5}.Release|Any CPU.Build.0 = Release|Any CPU
		{06A2459D-2E34-4618-9186-B9AC1D74B2CE}.Debug|Any CPU.ActiveCfg = Debug|Any CPU
		{06A2459D-2E34-4618-9186-B9AC1D74B2CE}.Debug|Any CPU.Build.0 = Debug|Any CPU
		{06A2459D-2E34-4618-9186-B9AC1D74B2CE}.Release|Any CPU.ActiveCfg = Release|Any CPU
		{06A2459D-2E34-4618-9186-B9AC1D74B2CE}.Release|Any CPU.Build.0 = Release|Any CPU
		{343C0A52-B2D2-442C-B8F3-0F3B01EC6CE1}.Debug|Any CPU.ActiveCfg = Debug|Any CPU
		{343C0A52-B2D2-442C-B8F3-0F3B01EC6CE1}.Debug|Any CPU.Build.0 = Debug|Any CPU
		{343C0A52-B2D2-442C-B8F3-0F3B01EC6CE1}.Release|Any CPU.ActiveCfg = Release|Any CPU
		{343C0A52-B2D2-442C-B8F3-0F3B01EC6CE1}.Release|Any CPU.Build.0 = Release|Any CPU
		{79B01F88-73A7-441D-8168-ECD4F581DDBA}.Debug|Any CPU.ActiveCfg = Debug|Any CPU
		{79B01F88-73A7-441D-8168-ECD4F581DDBA}.Debug|Any CPU.Build.0 = Debug|Any CPU
		{79B01F88-73A7-441D-8168-ECD4F581DDBA}.Release|Any CPU.ActiveCfg = Release|Any CPU
		{79B01F88-73A7-441D-8168-ECD4F581DDBA}.Release|Any CPU.Build.0 = Release|Any CPU
	EndGlobalSection
	GlobalSection(SolutionProperties) = preSolution
		HideSolutionNode = FALSE
	EndGlobalSection
	GlobalSection(NestedProjects) = preSolution
		{5A25FF32-C0F4-4CB4-BB9D-0E5F58E002DC} = {88C92520-B5A5-4353-AB13-4513DE630C35}
		{5244C53A-8B5B-4244-92D7-2B33E8F33EB3} = {88C92520-B5A5-4353-AB13-4513DE630C35}
		{F2ED40CE-0FBF-4A6A-AA9A-65BA2563AB58} = {88C92520-B5A5-4353-AB13-4513DE630C35}
		{574D7EEB-CA26-45A4-AE22-39EB895B4FBF} = {88C92520-B5A5-4353-AB13-4513DE630C35}
		{8F414AB2-402C-4675-8D9D-619131FD1326} = {5244C53A-8B5B-4244-92D7-2B33E8F33EB3}
		{EA7C6A38-73F2-4051-96BB-A52F5976DAE1} = {5244C53A-8B5B-4244-92D7-2B33E8F33EB3}
		{8DAD9357-D254-40E8-BD72-E355F1C2DCC4} = {F2ED40CE-0FBF-4A6A-AA9A-65BA2563AB58}
		{5D1FCCC1-1E0E-436B-A3C4-0BC917232222} = {5A25FF32-C0F4-4CB4-BB9D-0E5F58E002DC}
		{BB31127F-C48B-4DAD-B960-1D20F388DCF9} = {574D7EEB-CA26-45A4-AE22-39EB895B4FBF}
		{FC43B5F8-CFB2-43F2-8C64-ECA6AE061735} = {38CDEB55-B61A-453B-9023-F06E89BF5607}
		{3879462B-1FC0-4A13-B783-5232E20BBFC5} = {38CDEB55-B61A-453B-9023-F06E89BF5607}
		{06A2459D-2E34-4618-9186-B9AC1D74B2CE} = {F2ED40CE-0FBF-4A6A-AA9A-65BA2563AB58}
		{343C0A52-B2D2-442C-B8F3-0F3B01EC6CE1} = {38CDEB55-B61A-453B-9023-F06E89BF5607}
		{79B01F88-73A7-441D-8168-ECD4F581DDBA} = {F2ED40CE-0FBF-4A6A-AA9A-65BA2563AB58}
	EndGlobalSection
EndGlobal
